
Microsoft Visual Studio Solution File, Format Version 12.00
# Visual Studio 15
VisualStudioVersion = 15.0.27130.2020
MinimumVisualStudioVersion = 15.0.26124.0
Project("{9A19103F-16F7-4668-BE54-9A1E7A4F7556}") = "IntegrationTestSample", "IntegrationTestSample\IntegrationTestSample.csproj", "{8927158D-F899-4270-B898-906910A79D8A}"
EndProject
Project("{9A19103F-16F7-4668-BE54-9A1E7A4F7556}") = "Gauge.Dotnet", "src\Gauge.Dotnet.csproj", "{ACD9026F-BF29-4FC5-B8B4-67C27512E80D}"
EndProject
Project("{9A19103F-16F7-4668-BE54-9A1E7A4F7556}") = "Gauge.Dotnet.UnitTests", "test\Gauge.Dotnet.UnitTests.csproj", "{F5E5359B-A610-49E9-A0BE-AD0F77CAEEF0}"
EndProject
Project("{9A19103F-16F7-4668-BE54-9A1E7A4F7556}") = "Gauge.Dotnet.IntegrationTests", "integration-test\Gauge.Dotnet.IntegrationTests.csproj", "{E7079EDD-7987-4042-877C-999FCA6C60A1}"
EndProject
Global
	GlobalSection(SolutionConfigurationPlatforms) = preSolution
		Debug|Any CPU = Debug|Any CPU
		Debug|x64 = Debug|x64
		Debug|x86 = Debug|x86
		Release|Any CPU = Release|Any CPU
		Release|x64 = Release|x64
		Release|x86 = Release|x86
	EndGlobalSection
	GlobalSection(ProjectConfigurationPlatforms) = postSolution
		{8927158D-F899-4270-B898-906910A79D8A}.Debug|Any CPU.ActiveCfg = Debug|Any CPU
		{8927158D-F899-4270-B898-906910A79D8A}.Debug|x64.ActiveCfg = Debug|Any CPU
		{8927158D-F899-4270-B898-906910A79D8A}.Debug|x64.Build.0 = Debug|Any CPU
		{8927158D-F899-4270-B898-906910A79D8A}.Debug|x86.ActiveCfg = Debug|Any CPU
		{8927158D-F899-4270-B898-906910A79D8A}.Debug|x86.Build.0 = Debug|Any CPU
		{8927158D-F899-4270-B898-906910A79D8A}.Release|Any CPU.ActiveCfg = Release|Any CPU
		{8927158D-F899-4270-B898-906910A79D8A}.Release|x64.ActiveCfg = Release|Any CPU
		{8927158D-F899-4270-B898-906910A79D8A}.Release|x64.Build.0 = Release|Any CPU
		{8927158D-F899-4270-B898-906910A79D8A}.Release|x86.ActiveCfg = Release|Any CPU
		{8927158D-F899-4270-B898-906910A79D8A}.Release|x86.Build.0 = Release|Any CPU
		{ACD9026F-BF29-4FC5-B8B4-67C27512E80D}.Debug|Any CPU.ActiveCfg = Debug|Any CPU
		{ACD9026F-BF29-4FC5-B8B4-67C27512E80D}.Debug|Any CPU.Build.0 = Debug|Any CPU
		{ACD9026F-BF29-4FC5-B8B4-67C27512E80D}.Debug|x64.ActiveCfg = Debug|Any CPU
		{ACD9026F-BF29-4FC5-B8B4-67C27512E80D}.Debug|x64.Build.0 = Debug|Any CPU
		{ACD9026F-BF29-4FC5-B8B4-67C27512E80D}.Debug|x86.ActiveCfg = Debug|Any CPU
		{ACD9026F-BF29-4FC5-B8B4-67C27512E80D}.Debug|x86.Build.0 = Debug|Any CPU
		{ACD9026F-BF29-4FC5-B8B4-67C27512E80D}.Release|Any CPU.ActiveCfg = Release|Any CPU
		{ACD9026F-BF29-4FC5-B8B4-67C27512E80D}.Release|Any CPU.Build.0 = Release|Any CPU
		{ACD9026F-BF29-4FC5-B8B4-67C27512E80D}.Release|x64.ActiveCfg = Release|Any CPU
		{ACD9026F-BF29-4FC5-B8B4-67C27512E80D}.Release|x64.Build.0 = Release|Any CPU
		{ACD9026F-BF29-4FC5-B8B4-67C27512E80D}.Release|x86.ActiveCfg = Release|Any CPU
		{ACD9026F-BF29-4FC5-B8B4-67C27512E80D}.Release|x86.Build.0 = Release|Any CPU
		{F5E5359B-A610-49E9-A0BE-AD0F77CAEEF0}.Debug|Any CPU.ActiveCfg = Debug|Any CPU
		{F5E5359B-A610-49E9-A0BE-AD0F77CAEEF0}.Debug|Any CPU.Build.0 = Debug|Any CPU
		{F5E5359B-A610-49E9-A0BE-AD0F77CAEEF0}.Debug|x64.ActiveCfg = Debug|Any CPU
		{F5E5359B-A610-49E9-A0BE-AD0F77CAEEF0}.Debug|x64.Build.0 = Debug|Any CPU
		{F5E5359B-A610-49E9-A0BE-AD0F77CAEEF0}.Debug|x86.ActiveCfg = Debug|Any CPU
		{F5E5359B-A610-49E9-A0BE-AD0F77CAEEF0}.Debug|x86.Build.0 = Debug|Any CPU
		{F5E5359B-A610-49E9-A0BE-AD0F77CAEEF0}.Release|Any CPU.ActiveCfg = Release|Any CPU
		{F5E5359B-A610-49E9-A0BE-AD0F77CAEEF0}.Release|Any CPU.Build.0 = Release|Any CPU
		{F5E5359B-A610-49E9-A0BE-AD0F77CAEEF0}.Release|x64.ActiveCfg = Release|Any CPU
		{F5E5359B-A610-49E9-A0BE-AD0F77CAEEF0}.Release|x64.Build.0 = Release|Any CPU
		{F5E5359B-A610-49E9-A0BE-AD0F77CAEEF0}.Release|x86.ActiveCfg = Release|Any CPU
		{F5E5359B-A610-49E9-A0BE-AD0F77CAEEF0}.Release|x86.Build.0 = Release|Any CPU
		{E7079EDD-7987-4042-877C-999FCA6C60A1}.Debug|Any CPU.ActiveCfg = Debug|Any CPU
		{E7079EDD-7987-4042-877C-999FCA6C60A1}.Debug|Any CPU.Build.0 = Debug|Any CPU
		{E7079EDD-7987-4042-877C-999FCA6C60A1}.Debug|x64.ActiveCfg = Debug|Any CPU
		{E7079EDD-7987-4042-877C-999FCA6C60A1}.Debug|x64.Build.0 = Debug|Any CPU
		{E7079EDD-7987-4042-877C-999FCA6C60A1}.Debug|x86.ActiveCfg = Debug|Any CPU
		{E7079EDD-7987-4042-877C-999FCA6C60A1}.Debug|x86.Build.0 = Debug|Any CPU
		{E7079EDD-7987-4042-877C-999FCA6C60A1}.Release|Any CPU.ActiveCfg = Release|Any CPU
		{E7079EDD-7987-4042-877C-999FCA6C60A1}.Release|Any CPU.Build.0 = Release|Any CPU
		{E7079EDD-7987-4042-877C-999FCA6C60A1}.Release|x64.ActiveCfg = Release|Any CPU
		{E7079EDD-7987-4042-877C-999FCA6C60A1}.Release|x64.Build.0 = Release|Any CPU
		{E7079EDD-7987-4042-877C-999FCA6C60A1}.Release|x86.ActiveCfg = Release|Any CPU
		{E7079EDD-7987-4042-877C-999FCA6C60A1}.Release|x86.Build.0 = Release|Any CPU
	EndGlobalSection
	GlobalSection(SolutionProperties) = preSolution
		HideSolutionNode = FALSE
	EndGlobalSection
	GlobalSection(ExtensibilityGlobals) = postSolution
		SolutionGuid = {220CCF70-5732-4927-A27C-72A3C351E2EE}
	EndGlobalSection
EndGlobal
