
Microsoft Visual Studio Solution File, Format Version 12.00
# Visual Studio 15
VisualStudioVersion = 15.0.27130.2010
MinimumVisualStudioVersion = 15.0.26124.0
Project("{9A19103F-16F7-4668-BE54-9A1E7A4F7556}") = "Runner", "Runner\Runner.csproj", "{26B9CA55-89F7-43F5-9FEB-A1D54B4341DC}"
EndProject
Project("{9A19103F-16F7-4668-BE54-9A1E7A4F7556}") = "Runner.IntegrationTests", "Runner.IntegrationTests\Runner.IntegrationTests.csproj", "{57F2F37F-8C29-48D3-8FA1-97E5DA84DDF8}"
EndProject
Project("{9A19103F-16F7-4668-BE54-9A1E7A4F7556}") = "Runner.UnitTests", "Runner.UnitTests\Runner.UnitTests.csproj", "{A7D3444C-E4C2-4F68-AAD4-7CC2DA8F49DE}"
EndProject
Project("{9A19103F-16F7-4668-BE54-9A1E7A4F7556}") = "IntegrationTestSample", "IntegrationTestSample\IntegrationTestSample.csproj", "{8927158D-F899-4270-B898-906910A79D8A}"
EndProject
Global
	GlobalSection(SolutionConfigurationPlatforms) = preSolution
		Debug|Any CPU = Debug|Any CPU
		Debug|x64 = Debug|x64
		Debug|x86 = Debug|x86
		Release|Any CPU = Release|Any CPU
		Release|x64 = Release|x64
		Release|x86 = Release|x86
	EndGlobalSection
	GlobalSection(ProjectConfigurationPlatforms) = postSolution
		{26B9CA55-89F7-43F5-9FEB-A1D54B4341DC}.Debug|Any CPU.ActiveCfg = Debug|Any CPU
		{26B9CA55-89F7-43F5-9FEB-A1D54B4341DC}.Debug|Any CPU.Build.0 = Debug|Any CPU
		{26B9CA55-89F7-43F5-9FEB-A1D54B4341DC}.Debug|x64.ActiveCfg = Debug|Any CPU
		{26B9CA55-89F7-43F5-9FEB-A1D54B4341DC}.Debug|x64.Build.0 = Debug|Any CPU
		{26B9CA55-89F7-43F5-9FEB-A1D54B4341DC}.Debug|x86.ActiveCfg = Debug|Any CPU
		{26B9CA55-89F7-43F5-9FEB-A1D54B4341DC}.Debug|x86.Build.0 = Debug|Any CPU
		{26B9CA55-89F7-43F5-9FEB-A1D54B4341DC}.Release|Any CPU.ActiveCfg = Release|Any CPU
		{26B9CA55-89F7-43F5-9FEB-A1D54B4341DC}.Release|Any CPU.Build.0 = Release|Any CPU
		{26B9CA55-89F7-43F5-9FEB-A1D54B4341DC}.Release|x64.ActiveCfg = Release|Any CPU
		{26B9CA55-89F7-43F5-9FEB-A1D54B4341DC}.Release|x64.Build.0 = Release|Any CPU
		{26B9CA55-89F7-43F5-9FEB-A1D54B4341DC}.Release|x86.ActiveCfg = Release|Any CPU
		{26B9CA55-89F7-43F5-9FEB-A1D54B4341DC}.Release|x86.Build.0 = Release|Any CPU
		{57F2F37F-8C29-48D3-8FA1-97E5DA84DDF8}.Debug|Any CPU.ActiveCfg = Debug|Any CPU
		{57F2F37F-8C29-48D3-8FA1-97E5DA84DDF8}.Debug|Any CPU.Build.0 = Debug|Any CPU
		{57F2F37F-8C29-48D3-8FA1-97E5DA84DDF8}.Debug|x64.ActiveCfg = Debug|Any CPU
		{57F2F37F-8C29-48D3-8FA1-97E5DA84DDF8}.Debug|x64.Build.0 = Debug|Any CPU
		{57F2F37F-8C29-48D3-8FA1-97E5DA84DDF8}.Debug|x86.ActiveCfg = Debug|Any CPU
		{57F2F37F-8C29-48D3-8FA1-97E5DA84DDF8}.Debug|x86.Build.0 = Debug|Any CPU
		{57F2F37F-8C29-48D3-8FA1-97E5DA84DDF8}.Release|Any CPU.ActiveCfg = Release|Any CPU
		{57F2F37F-8C29-48D3-8FA1-97E5DA84DDF8}.Release|Any CPU.Build.0 = Release|Any CPU
		{57F2F37F-8C29-48D3-8FA1-97E5DA84DDF8}.Release|x64.ActiveCfg = Release|Any CPU
		{57F2F37F-8C29-48D3-8FA1-97E5DA84DDF8}.Release|x64.Build.0 = Release|Any CPU
		{57F2F37F-8C29-48D3-8FA1-97E5DA84DDF8}.Release|x86.ActiveCfg = Release|Any CPU
		{57F2F37F-8C29-48D3-8FA1-97E5DA84DDF8}.Release|x86.Build.0 = Release|Any CPU
		{A7D3444C-E4C2-4F68-AAD4-7CC2DA8F49DE}.Debug|Any CPU.ActiveCfg = Debug|Any CPU
		{A7D3444C-E4C2-4F68-AAD4-7CC2DA8F49DE}.Debug|Any CPU.Build.0 = Debug|Any CPU
		{A7D3444C-E4C2-4F68-AAD4-7CC2DA8F49DE}.Debug|x64.ActiveCfg = Debug|Any CPU
		{A7D3444C-E4C2-4F68-AAD4-7CC2DA8F49DE}.Debug|x64.Build.0 = Debug|Any CPU
		{A7D3444C-E4C2-4F68-AAD4-7CC2DA8F49DE}.Debug|x86.ActiveCfg = Debug|Any CPU
		{A7D3444C-E4C2-4F68-AAD4-7CC2DA8F49DE}.Debug|x86.Build.0 = Debug|Any CPU
		{A7D3444C-E4C2-4F68-AAD4-7CC2DA8F49DE}.Release|Any CPU.ActiveCfg = Release|Any CPU
		{A7D3444C-E4C2-4F68-AAD4-7CC2DA8F49DE}.Release|Any CPU.Build.0 = Release|Any CPU
		{A7D3444C-E4C2-4F68-AAD4-7CC2DA8F49DE}.Release|x64.ActiveCfg = Release|Any CPU
		{A7D3444C-E4C2-4F68-AAD4-7CC2DA8F49DE}.Release|x64.Build.0 = Release|Any CPU
		{A7D3444C-E4C2-4F68-AAD4-7CC2DA8F49DE}.Release|x86.ActiveCfg = Release|Any CPU
		{A7D3444C-E4C2-4F68-AAD4-7CC2DA8F49DE}.Release|x86.Build.0 = Release|Any CPU
		{8927158D-F899-4270-B898-906910A79D8A}.Debug|Any CPU.ActiveCfg = Debug|Any CPU
		{8927158D-F899-4270-B898-906910A79D8A}.Debug|Any CPU.Build.0 = Debug|Any CPU
		{8927158D-F899-4270-B898-906910A79D8A}.Debug|x64.ActiveCfg = Debug|Any CPU
		{8927158D-F899-4270-B898-906910A79D8A}.Debug|x64.Build.0 = Debug|Any CPU
		{8927158D-F899-4270-B898-906910A79D8A}.Debug|x86.ActiveCfg = Debug|Any CPU
		{8927158D-F899-4270-B898-906910A79D8A}.Debug|x86.Build.0 = Debug|Any CPU
		{8927158D-F899-4270-B898-906910A79D8A}.Release|Any CPU.ActiveCfg = Release|Any CPU
		{8927158D-F899-4270-B898-906910A79D8A}.Release|Any CPU.Build.0 = Release|Any CPU
		{8927158D-F899-4270-B898-906910A79D8A}.Release|x64.ActiveCfg = Release|Any CPU
		{8927158D-F899-4270-B898-906910A79D8A}.Release|x64.Build.0 = Release|Any CPU
		{8927158D-F899-4270-B898-906910A79D8A}.Release|x86.ActiveCfg = Release|Any CPU
		{8927158D-F899-4270-B898-906910A79D8A}.Release|x86.Build.0 = Release|Any CPU
	EndGlobalSection
	GlobalSection(SolutionProperties) = preSolution
		HideSolutionNode = FALSE
	EndGlobalSection
	GlobalSection(ExtensibilityGlobals) = postSolution
		SolutionGuid = {220CCF70-5732-4927-A27C-72A3C351E2EE}
	EndGlobalSection
EndGlobal
