Microsoft Visual Studio Solution File, Format Version 12.00
# Visual Studio Version 17
VisualStudioVersion = 17.4.33122.133
MinimumVisualStudioVersion = 10.0.40219.1
Project("{2150E333-8FDC-42A3-9474-1A3956D46DE8}") = ".paket", ".paket", "{B18284A0-5417-4239-AC8B-3EC59AE26D70}"
	ProjectSection(SolutionItems) = preProject
		..\paket.dependencies = ..\paket.dependencies
	EndProjectSection
EndProject
Project("{9A19103F-16F7-4668-BE54-9A1E7A4F7556}") = "IntegrationTestSample", "IntegrationTestSample.csproj", "{6C31D99F-A982-4596-B423-5E945C16662D}"
EndProject
Global
	GlobalSection(SolutionConfigurationPlatforms) = preSolution
		Debug|Any CPU = Debug|Any CPU
		Release|Any CPU = Release|Any CPU
	EndGlobalSection
	GlobalSection(ProjectConfigurationPlatforms) = postSolution
		{6C31D99F-A982-4596-B423-5E945C16662D}.Debug|Any CPU.ActiveCfg = Debug|Any CPU
		{6C31D99F-A982-4596-B423-5E945C16662D}.Debug|Any CPU.Build.0 = Debug|Any CPU
		{6C31D99F-A982-4596-B423-5E945C16662D}.Release|Any CPU.ActiveCfg = Release|Any CPU
		{6C31D99F-A982-4596-B423-5E945C16662D}.Release|Any CPU.Build.0 = Release|Any CPU
	EndGlobalSection
	GlobalSection(SolutionProperties) = preSolution
		HideSolutionNode = FALSE
	EndGlobalSection
	GlobalSection(ExtensibilityGlobals) = postSolution
		SolutionGuid = {42D60C80-71B4-426F-8D59-4C02648811C0}
	EndGlobalSection
EndGlobal
